
Microsoft Visual Studio Solution File, Format Version 12.00
# Visual Studio Version 16
VisualStudioVersion = 16.0.31729.503
MinimumVisualStudioVersion = 10.0.40219.1
Project("{FAE04EC0-301F-11D3-BF4B-00C04F79EFBC}") = "Bank", "Bank.csproj", "{3C57A767-33CA-4274-8372-90A2A373AA55}"
EndProject
Global
	GlobalSection(SolutionConfigurationPlatforms) = preSolution
		Debug|Any CPU = Debug|Any CPU
		Release|Any CPU = Release|Any CPU
	EndGlobalSection
	GlobalSection(ProjectConfigurationPlatforms) = postSolution
		{3C57A767-33CA-4274-8372-90A2A373AA55}.Debug|Any CPU.ActiveCfg = Debug|Any CPU
		{3C57A767-33CA-4274-8372-90A2A373AA55}.Debug|Any CPU.Build.0 = Debug|Any CPU
		{3C57A767-33CA-4274-8372-90A2A373AA55}.Release|Any CPU.ActiveCfg = Release|Any CPU
		{3C57A767-33CA-4274-8372-90A2A373AA55}.Release|Any CPU.Build.0 = Release|Any CPU
	EndGlobalSection
	GlobalSection(SolutionProperties) = preSolution
		HideSolutionNode = FALSE
	EndGlobalSection
	GlobalSection(ExtensibilityGlobals) = postSolution
		SolutionGuid = {447E25C8-3E82-49E2-A2DD-F74F0427F82F}
	EndGlobalSection
EndGlobal
